// !$*UTF8*$!
{
	archiveVersion = 1;
	classes = {
	};
	objectVersion = 55;
	objects = {

/* Begin PBXBuildFile section */
		576C90A9279C797200B0C11D /* AppDelegate.swift in Sources */ = {isa = PBXBuildFile; fileRef = 576C90A8279C797200B0C11D /* AppDelegate.swift */; };
		576C90AB279C797200B0C11D /* SceneDelegate.swift in Sources */ = {isa = PBXBuildFile; fileRef = 576C90AA279C797200B0C11D /* SceneDelegate.swift */; };
		576C90AD279C797200B0C11D /* DetailContactController.swift in Sources */ = {isa = PBXBuildFile; fileRef = 576C90AC279C797200B0C11D /* DetailContactController.swift */; };
		576C90B0279C797200B0C11D /* Main.storyboard in Resources */ = {isa = PBXBuildFile; fileRef = 576C90AE279C797200B0C11D /* Main.storyboard */; };
		576C90B2279C797400B0C11D /* Assets.xcassets in Resources */ = {isa = PBXBuildFile; fileRef = 576C90B1279C797400B0C11D /* Assets.xcassets */; };
		576C90B5279C797400B0C11D /* LaunchScreen.storyboard in Resources */ = {isa = PBXBuildFile; fileRef = 576C90B3279C797400B0C11D /* LaunchScreen.storyboard */; };
		576C90C0279C7A1500B0C11D /* ContactListViewController.swift in Sources */ = {isa = PBXBuildFile; fileRef = 576C90BF279C7A1500B0C11D /* ContactListViewController.swift */; };
		59E89117B4DBD41FEA207F68 /* Pods_ContactListApp.framework in Frameworks */ = {isa = PBXBuildFile; fileRef = F9022D1EA971034A72E51119 /* Pods_ContactListApp.framework */; };
/* End PBXBuildFile section */

/* Begin PBXFileReference section */
		53D123EA9C3EF1CF43B3EA25 /* Pods-ContactListApp.release.xcconfig */ = {isa = PBXFileReference; includeInIndex = 1; lastKnownFileType = text.xcconfig; name = "Pods-ContactListApp.release.xcconfig"; path = "Target Support Files/Pods-ContactListApp/Pods-ContactListApp.release.xcconfig"; sourceTree = "<group>"; };
		576C90A5279C797200B0C11D /* ContactListApp.app */ = {isa = PBXFileReference; explicitFileType = wrapper.application; includeInIndex = 0; path = ContactListApp.app; sourceTree = BUILT_PRODUCTS_DIR; };
		576C90A8279C797200B0C11D /* AppDelegate.swift */ = {isa = PBXFileReference; lastKnownFileType = sourcecode.swift; path = AppDelegate.swift; sourceTree = "<group>"; };
		576C90AA279C797200B0C11D /* SceneDelegate.swift */ = {isa = PBXFileReference; lastKnownFileType = sourcecode.swift; path = SceneDelegate.swift; sourceTree = "<group>"; };
		576C90AC279C797200B0C11D /* DetailContactController.swift */ = {isa = PBXFileReference; lastKnownFileType = sourcecode.swift; path = DetailContactController.swift; sourceTree = "<group>"; };
		576C90AF279C797200B0C11D /* Base */ = {isa = PBXFileReference; lastKnownFileType = file.storyboard; name = Base; path = Base.lproj/Main.storyboard; sourceTree = "<group>"; };
		576C90B1279C797400B0C11D /* Assets.xcassets */ = {isa = PBXFileReference; lastKnownFileType = folder.assetcatalog; path = Assets.xcassets; sourceTree = "<group>"; };
		576C90B4279C797400B0C11D /* Base */ = {isa = PBXFileReference; lastKnownFileType = file.storyboard; name = Base; path = Base.lproj/LaunchScreen.storyboard; sourceTree = "<group>"; };
		576C90B6279C797400B0C11D /* Info.plist */ = {isa = PBXFileReference; lastKnownFileType = text.plist.xml; path = Info.plist; sourceTree = "<group>"; };
		576C90BF279C7A1500B0C11D /* ContactListViewController.swift */ = {isa = PBXFileReference; lastKnownFileType = sourcecode.swift; path = ContactListViewController.swift; sourceTree = "<group>"; };
		F063152FF38B99C1951570EF /* Pods-ContactListApp.debug.xcconfig */ = {isa = PBXFileReference; includeInIndex = 1; lastKnownFileType = text.xcconfig; name = "Pods-ContactListApp.debug.xcconfig"; path = "Target Support Files/Pods-ContactListApp/Pods-ContactListApp.debug.xcconfig"; sourceTree = "<group>"; };
		F9022D1EA971034A72E51119 /* Pods_ContactListApp.framework */ = {isa = PBXFileReference; explicitFileType = wrapper.framework; includeInIndex = 0; path = Pods_ContactListApp.framework; sourceTree = BUILT_PRODUCTS_DIR; };
/* End PBXFileReference section */

/* Begin PBXFrameworksBuildPhase section */
		576C90A2279C797200B0C11D /* Frameworks */ = {
			isa = PBXFrameworksBuildPhase;
			buildActionMask = 2147483647;
			files = (
				59E89117B4DBD41FEA207F68 /* Pods_ContactListApp.framework in Frameworks */,
			);
			runOnlyForDeploymentPostprocessing = 0;
		};
/* End PBXFrameworksBuildPhase section */

/* Begin PBXGroup section */
		576C909C279C797200B0C11D = {
			isa = PBXGroup;
			children = (
				576C90A7279C797200B0C11D /* ContactListApp */,
				576C90A6279C797200B0C11D /* Products */,
				C0912740B431E5ADA103A7AF /* Pods */,
				CF816B3B3BF26FB81ECA6C64 /* Frameworks */,
			);
			sourceTree = "<group>";
		};
		576C90A6279C797200B0C11D /* Products */ = {
			isa = PBXGroup;
			children = (
				576C90A5279C797200B0C11D /* ContactListApp.app */,
			);
			name = Products;
			sourceTree = "<group>";
		};
		576C90A7279C797200B0C11D /* ContactListApp */ = {
			isa = PBXGroup;
			children = (
				576C90BD279C79B400B0C11D /* SupportFiles */,
				576C90AC279C797200B0C11D /* DetailContactController.swift */,
				576C90BF279C7A1500B0C11D /* ContactListViewController.swift */,
				576C90BC279C79A100B0C11D /* Storyboards */,
				576C90BE279C79F200B0C11D /* Source */,
			);
			path = ContactListApp;
			sourceTree = "<group>";
		};
		576C90BC279C79A100B0C11D /* Storyboards */ = {
			isa = PBXGroup;
			children = (
				576C90AE279C797200B0C11D /* Main.storyboard */,
				576C90B3279C797400B0C11D /* LaunchScreen.storyboard */,
			);
			path = Storyboards;
			sourceTree = "<group>";
		};
		576C90BD279C79B400B0C11D /* SupportFiles */ = {
			isa = PBXGroup;
			children = (
				576C90A8279C797200B0C11D /* AppDelegate.swift */,
				576C90AA279C797200B0C11D /* SceneDelegate.swift */,
				576C90B6279C797400B0C11D /* Info.plist */,
			);
			path = SupportFiles;
			sourceTree = "<group>";
		};
		576C90BE279C79F200B0C11D /* Source */ = {
			isa = PBXGroup;
			children = (
				576C90B1279C797400B0C11D /* Assets.xcassets */,
			);
			path = Source;
			sourceTree = "<group>";
		};
		C0912740B431E5ADA103A7AF /* Pods */ = {
			isa = PBXGroup;
			children = (
				F063152FF38B99C1951570EF /* Pods-ContactListApp.debug.xcconfig */,
				53D123EA9C3EF1CF43B3EA25 /* Pods-ContactListApp.release.xcconfig */,
			);
			path = Pods;
			sourceTree = "<group>";
		};
		CF816B3B3BF26FB81ECA6C64 /* Frameworks */ = {
			isa = PBXGroup;
			children = (
				F9022D1EA971034A72E51119 /* Pods_ContactListApp.framework */,
			);
			name = Frameworks;
			sourceTree = "<group>";
		};
/* End PBXGroup section */

/* Begin PBXNativeTarget section */
		576C90A4279C797200B0C11D /* ContactListApp */ = {
			isa = PBXNativeTarget;
			buildConfigurationList = 576C90B9279C797400B0C11D /* Build configuration list for PBXNativeTarget "ContactListApp" */;
			buildPhases = (
				B7EF68D053E259B5DBAAA612 /* [CP] Check Pods Manifest.lock */,
				576C90A1279C797200B0C11D /* Sources */,
				576C90A2279C797200B0C11D /* Frameworks */,
				576C90A3279C797200B0C11D /* Resources */,
				0EB6C0F2EB1F832D6F27010D /* [CP] Embed Pods Frameworks */,
			);
			buildRules = (
			);
			dependencies = (
			);
			name = ContactListApp;
			productName = ContactListApp;
			productReference = 576C90A5279C797200B0C11D /* ContactListApp.app */;
			productType = "com.apple.product-type.application";
		};
/* End PBXNativeTarget section */

/* Begin PBXProject section */
		576C909D279C797200B0C11D /* Project object */ = {
			isa = PBXProject;
			attributes = {
				BuildIndependentTargetsInParallel = 1;
				LastSwiftUpdateCheck = 1320;
				LastUpgradeCheck = 1320;
				TargetAttributes = {
					576C90A4279C797200B0C11D = {
						CreatedOnToolsVersion = 13.2.1;
					};
				};
			};
			buildConfigurationList = 576C90A0279C797200B0C11D /* Build configuration list for PBXProject "ContactListApp" */;
			compatibilityVersion = "Xcode 13.0";
			developmentRegion = en;
			hasScannedForEncodings = 0;
			knownRegions = (
				en,
				Base,
			);
			mainGroup = 576C909C279C797200B0C11D;
			productRefGroup = 576C90A6279C797200B0C11D /* Products */;
			projectDirPath = "";
			projectRoot = "";
			targets = (
				576C90A4279C797200B0C11D /* ContactListApp */,
			);
		};
/* End PBXProject section */

/* Begin PBXResourcesBuildPhase section */
		576C90A3279C797200B0C11D /* Resources */ = {
			isa = PBXResourcesBuildPhase;
			buildActionMask = 2147483647;
			files = (
				576C90B5279C797400B0C11D /* LaunchScreen.storyboard in Resources */,
				576C90B2279C797400B0C11D /* Assets.xcassets in Resources */,
				576C90B0279C797200B0C11D /* Main.storyboard in Resources */,
			);
			runOnlyForDeploymentPostprocessing = 0;
		};
/* End PBXResourcesBuildPhase section */

/* Begin PBXShellScriptBuildPhase section */
		0EB6C0F2EB1F832D6F27010D /* [CP] Embed Pods Frameworks */ = {
			isa = PBXShellScriptBuildPhase;
			buildActionMask = 2147483647;
			files = (
			);
			inputFileListPaths = (
				"${PODS_ROOT}/Target Support Files/Pods-ContactListApp/Pods-ContactListApp-frameworks-${CONFIGURATION}-input-files.xcfilelist",
			);
			name = "[CP] Embed Pods Frameworks";
			outputFileListPaths = (
				"${PODS_ROOT}/Target Support Files/Pods-ContactListApp/Pods-ContactListApp-frameworks-${CONFIGURATION}-output-files.xcfilelist",
			);
			runOnlyForDeploymentPostprocessing = 0;
			shellPath = /bin/sh;
			shellScript = "\"${PODS_ROOT}/Target Support Files/Pods-ContactListApp/Pods-ContactListApp-frameworks.sh\"\n";
			showEnvVarsInLog = 0;
		};
		B7EF68D053E259B5DBAAA612 /* [CP] Check Pods Manifest.lock */ = {
			isa = PBXShellScriptBuildPhase;
			buildActionMask = 2147483647;
			files = (
			);
			inputFileListPaths = (
			);
			inputPaths = (
				"${PODS_PODFILE_DIR_PATH}/Podfile.lock",
				"${PODS_ROOT}/Manifest.lock",
			);
			name = "[CP] Check Pods Manifest.lock";
			outputFileListPaths = (
			);
			outputPaths = (
				"$(DERIVED_FILE_DIR)/Pods-ContactListApp-checkManifestLockResult.txt",
			);
			runOnlyForDeploymentPostprocessing = 0;
			shellPath = /bin/sh;
			shellScript = "diff \"${PODS_PODFILE_DIR_PATH}/Podfile.lock\" \"${PODS_ROOT}/Manifest.lock\" > /dev/null\nif [ $? != 0 ] ; then\n    # print error to STDERR\n    echo \"error: The sandbox is not in sync with the Podfile.lock. Run 'pod install' or update your CocoaPods installation.\" >&2\n    exit 1\nfi\n# This output is used by Xcode 'outputs' to avoid re-running this script phase.\necho \"SUCCESS\" > \"${SCRIPT_OUTPUT_FILE_0}\"\n";
			showEnvVarsInLog = 0;
		};
/* End PBXShellScriptBuildPhase section */

/* Begin PBXSourcesBuildPhase section */
		576C90A1279C797200B0C11D /* Sources */ = {
			isa = PBXSourcesBuildPhase;
			buildActionMask = 2147483647;
			files = (
				576C90AD279C797200B0C11D /* DetailContactController.swift in Sources */,
				576C90C0279C7A1500B0C11D /* ContactListViewController.swift in Sources */,
				576C90A9279C797200B0C11D /* AppDelegate.swift in Sources */,
				576C90AB279C797200B0C11D /* SceneDelegate.swift in Sources */,
			);
			runOnlyForDeploymentPostprocessing = 0;
		};
/* End PBXSourcesBuildPhase section */

/* Begin PBXVariantGroup section */
		576C90AE279C797200B0C11D /* Main.storyboard */ = {
			isa = PBXVariantGroup;
			children = (
				576C90AF279C797200B0C11D /* Base */,
			);
			name = Main.storyboard;
			sourceTree = "<group>";
		};
		576C90B3279C797400B0C11D /* LaunchScreen.storyboard */ = {
			isa = PBXVariantGroup;
			children = (
				576C90B4279C797400B0C11D /* Base */,
			);
			name = LaunchScreen.storyboard;
			sourceTree = "<group>";
		};
/* End PBXVariantGroup section */

/* Begin XCBuildConfiguration section */
		576C90B7279C797400B0C11D /* Debug */ = {
			isa = XCBuildConfiguration;
			buildSettings = {
				ALWAYS_SEARCH_USER_PATHS = NO;
				CLANG_ANALYZER_NONNULL = YES;
				CLANG_ANALYZER_NUMBER_OBJECT_CONVERSION = YES_AGGRESSIVE;
				CLANG_CXX_LANGUAGE_STANDARD = "gnu++17";
				CLANG_CXX_LIBRARY = "libc++";
				CLANG_ENABLE_MODULES = YES;
				CLANG_ENABLE_OBJC_ARC = YES;
				CLANG_ENABLE_OBJC_WEAK = YES;
				CLANG_WARN_BLOCK_CAPTURE_AUTORELEASING = YES;
				CLANG_WARN_BOOL_CONVERSION = YES;
				CLANG_WARN_COMMA = YES;
				CLANG_WARN_CONSTANT_CONVERSION = YES;
				CLANG_WARN_DEPRECATED_OBJC_IMPLEMENTATIONS = YES;
				CLANG_WARN_DIRECT_OBJC_ISA_USAGE = YES_ERROR;
				CLANG_WARN_DOCUMENTATION_COMMENTS = YES;
				CLANG_WARN_EMPTY_BODY = YES;
				CLANG_WARN_ENUM_CONVERSION = YES;
				CLANG_WARN_INFINITE_RECURSION = YES;
				CLANG_WARN_INT_CONVERSION = YES;
				CLANG_WARN_NON_LITERAL_NULL_CONVERSION = YES;
				CLANG_WARN_OBJC_IMPLICIT_RETAIN_SELF = YES;
				CLANG_WARN_OBJC_LITERAL_CONVERSION = YES;
				CLANG_WARN_OBJC_ROOT_CLASS = YES_ERROR;
				CLANG_WARN_QUOTED_INCLUDE_IN_FRAMEWORK_HEADER = YES;
				CLANG_WARN_RANGE_LOOP_ANALYSIS = YES;
				CLANG_WARN_STRICT_PROTOTYPES = YES;
				CLANG_WARN_SUSPICIOUS_MOVE = YES;
				CLANG_WARN_UNGUARDED_AVAILABILITY = YES_AGGRESSIVE;
				CLANG_WARN_UNREACHABLE_CODE = YES;
				CLANG_WARN__DUPLICATE_METHOD_MATCH = YES;
				COPY_PHASE_STRIP = NO;
				DEBUG_INFORMATION_FORMAT = dwarf;
				ENABLE_STRICT_OBJC_MSGSEND = YES;
				ENABLE_TESTABILITY = YES;
				GCC_C_LANGUAGE_STANDARD = gnu11;
				GCC_DYNAMIC_NO_PIC = NO;
				GCC_NO_COMMON_BLOCKS = YES;
				GCC_OPTIMIZATION_LEVEL = 0;
				GCC_PREPROCESSOR_DEFINITIONS = (
					"DEBUG=1",
					"$(inherited)",
				);
				GCC_WARN_64_TO_32_BIT_CONVERSION = YES;
				GCC_WARN_ABOUT_RETURN_TYPE = YES_ERROR;
				GCC_WARN_UNDECLARED_SELECTOR = YES;
				GCC_WARN_UNINITIALIZED_AUTOS = YES_AGGRESSIVE;
				GCC_WARN_UNUSED_FUNCTION = YES;
				GCC_WARN_UNUSED_VARIABLE = YES;
				IPHONEOS_DEPLOYMENT_TARGET = 15.2;
				MTL_ENABLE_DEBUG_INFO = INCLUDE_SOURCE;
				MTL_FAST_MATH = YES;
				ONLY_ACTIVE_ARCH = YES;
				SDKROOT = iphoneos;
				SWIFT_ACTIVE_COMPILATION_CONDITIONS = DEBUG;
				SWIFT_OPTIMIZATION_LEVEL = "-Onone";
			};
			name = Debug;
		};
		576C90B8279C797400B0C11D /* Release */ = {
			isa = XCBuildConfiguration;
			buildSettings = {
				ALWAYS_SEARCH_USER_PATHS = NO;
				CLANG_ANALYZER_NONNULL = YES;
				CLANG_ANALYZER_NUMBER_OBJECT_CONVERSION = YES_AGGRESSIVE;
				CLANG_CXX_LANGUAGE_STANDARD = "gnu++17";
				CLANG_CXX_LIBRARY = "libc++";
				CLANG_ENABLE_MODULES = YES;
				CLANG_ENABLE_OBJC_ARC = YES;
				CLANG_ENABLE_OBJC_WEAK = YES;
				CLANG_WARN_BLOCK_CAPTURE_AUTORELEASING = YES;
				CLANG_WARN_BOOL_CONVERSION = YES;
				CLANG_WARN_COMMA = YES;
				CLANG_WARN_CONSTANT_CONVERSION = YES;
				CLANG_WARN_DEPRECATED_OBJC_IMPLEMENTATIONS = YES;
				CLANG_WARN_DIRECT_OBJC_ISA_USAGE = YES_ERROR;
				CLANG_WARN_DOCUMENTATION_COMMENTS = YES;
				CLANG_WARN_EMPTY_BODY = YES;
				CLANG_WARN_ENUM_CONVERSION = YES;
				CLANG_WARN_INFINITE_RECURSION = YES;
				CLANG_WARN_INT_CONVERSION = YES;
				CLANG_WARN_NON_LITERAL_NULL_CONVERSION = YES;
				CLANG_WARN_OBJC_IMPLICIT_RETAIN_SELF = YES;
				CLANG_WARN_OBJC_LITERAL_CONVERSION = YES;
				CLANG_WARN_OBJC_ROOT_CLASS = YES_ERROR;
				CLANG_WARN_QUOTED_INCLUDE_IN_FRAMEWORK_HEADER = YES;
				CLANG_WARN_RANGE_LOOP_ANALYSIS = YES;
				CLANG_WARN_STRICT_PROTOTYPES = YES;
				CLANG_WARN_SUSPICIOUS_MOVE = YES;
				CLANG_WARN_UNGUARDED_AVAILABILITY = YES_AGGRESSIVE;
				CLANG_WARN_UNREACHABLE_CODE = YES;
				CLANG_WARN__DUPLICATE_METHOD_MATCH = YES;
				COPY_PHASE_STRIP = NO;
				DEBUG_INFORMATION_FORMAT = "dwarf-with-dsym";
				ENABLE_NS_ASSERTIONS = NO;
				ENABLE_STRICT_OBJC_MSGSEND = YES;
				GCC_C_LANGUAGE_STANDARD = gnu11;
				GCC_NO_COMMON_BLOCKS = YES;
				GCC_WARN_64_TO_32_BIT_CONVERSION = YES;
				GCC_WARN_ABOUT_RETURN_TYPE = YES_ERROR;
				GCC_WARN_UNDECLARED_SELECTOR = YES;
				GCC_WARN_UNINITIALIZED_AUTOS = YES_AGGRESSIVE;
				GCC_WARN_UNUSED_FUNCTION = YES;
				GCC_WARN_UNUSED_VARIABLE = YES;
				IPHONEOS_DEPLOYMENT_TARGET = 15.2;
				MTL_ENABLE_DEBUG_INFO = NO;
				MTL_FAST_MATH = YES;
				SDKROOT = iphoneos;
				SWIFT_COMPILATION_MODE = wholemodule;
				SWIFT_OPTIMIZATION_LEVEL = "-O";
				VALIDATE_PRODUCT = YES;
			};
			name = Release;
		};
		576C90BA279C797400B0C11D /* Debug */ = {
			isa = XCBuildConfiguration;
			baseConfigurationReference = F063152FF38B99C1951570EF /* Pods-ContactListApp.debug.xcconfig */;
			buildSettings = {
				ASSETCATALOG_COMPILER_APPICON_NAME = AppIcon;
				ASSETCATALOG_COMPILER_GLOBAL_ACCENT_COLOR_NAME = AccentColor;
				CODE_SIGN_STYLE = Automatic;
				CURRENT_PROJECT_VERSION = 1;
				GENERATE_INFOPLIST_FILE = YES;
				INFOPLIST_FILE = ContactListApp/SupportFiles/Info.plist;
				INFOPLIST_KEY_UIApplicationSupportsIndirectInputEvents = YES;
				INFOPLIST_KEY_UILaunchStoryboardName = LaunchScreen;
				INFOPLIST_KEY_UIMainStoryboardFile = Main;
				INFOPLIST_KEY_UISupportedInterfaceOrientations_iPad = "UIInterfaceOrientationPortrait UIInterfaceOrientationPortraitUpsideDown UIInterfaceOrientationLandscapeLeft UIInterfaceOrientationLandscapeRight";
				INFOPLIST_KEY_UISupportedInterfaceOrientations_iPhone = "UIInterfaceOrientationPortrait UIInterfaceOrientationLandscapeLeft UIInterfaceOrientationLandscapeRight";
				LD_RUNPATH_SEARCH_PATHS = (
					"$(inherited)",
					"@executable_path/Frameworks",
				);
				MARKETING_VERSION = 1.0;
				PRODUCT_BUNDLE_IDENTIFIER = Victor.ContactListApp;
				PRODUCT_NAME = "$(TARGET_NAME)";
				SWIFT_EMIT_LOC_STRINGS = YES;
				SWIFT_VERSION = 5.0;
				TARGETED_DEVICE_FAMILY = "1,2";
			};
			name = Debug;
		};
		576C90BB279C797400B0C11D /* Release */ = {
			isa = XCBuildConfiguration;
			baseConfigurationReference = 53D123EA9C3EF1CF43B3EA25 /* Pods-ContactListApp.release.xcconfig */;
			buildSettings = {
				ASSETCATALOG_COMPILER_APPICON_NAME = AppIcon;
				ASSETCATALOG_COMPILER_GLOBAL_ACCENT_COLOR_NAME = AccentColor;
				CODE_SIGN_STYLE = Automatic;
				CURRENT_PROJECT_VERSION = 1;
				GENERATE_INFOPLIST_FILE = YES;
				INFOPLIST_FILE = ContactListApp/SupportFiles/Info.plist;
				INFOPLIST_KEY_UIApplicationSupportsIndirectInputEvents = YES;
				INFOPLIST_KEY_UILaunchStoryboardName = LaunchScreen;
				INFOPLIST_KEY_UIMainStoryboardFile = Main;
				INFOPLIST_KEY_UISupportedInterfaceOrientations_iPad = "UIInterfaceOrientationPortrait UIInterfaceOrientationPortraitUpsideDown UIInterfaceOrientationLandscapeLeft UIInterfaceOrientationLandscapeRight";
				INFOPLIST_KEY_UISupportedInterfaceOrientations_iPhone = "UIInterfaceOrientationPortrait UIInterfaceOrientationLandscapeLeft UIInterfaceOrientationLandscapeRight";
				LD_RUNPATH_SEARCH_PATHS = (
					"$(inherited)",
					"@executable_path/Frameworks",
				);
				MARKETING_VERSION = 1.0;
				PRODUCT_BUNDLE_IDENTIFIER = Victor.ContactListApp;
				PRODUCT_NAME = "$(TARGET_NAME)";
				SWIFT_EMIT_LOC_STRINGS = YES;
				SWIFT_VERSION = 5.0;
				TARGETED_DEVICE_FAMILY = "1,2";
			};
			name = Release;
		};
/* End XCBuildConfiguration section */

/* Begin XCConfigurationList section */
		576C90A0279C797200B0C11D /* Build configuration list for PBXProject "ContactListApp" */ = {
			isa = XCConfigurationList;
			buildConfigurations = (
				576C90B7279C797400B0C11D /* Debug */,
				576C90B8279C797400B0C11D /* Release */,
			);
			defaultConfigurationIsVisible = 0;
			defaultConfigurationName = Release;
		};
		576C90B9279C797400B0C11D /* Build configuration list for PBXNativeTarget "ContactListApp" */ = {
			isa = XCConfigurationList;
			buildConfigurations = (
				576C90BA279C797400B0C11D /* Debug */,
				576C90BB279C797400B0C11D /* Release */,
			);
			defaultConfigurationIsVisible = 0;
			defaultConfigurationName = Release;
		};
/* End XCConfigurationList section */
	};
	rootObject = 576C909D279C797200B0C11D /* Project object */;
}
